
Microsoft Visual Studio Solution File, Format Version 12.00
# Visual Studio 15
VisualStudioVersion = 15.0.26403.7
MinimumVisualStudioVersion = 10.0.40219.1
Project("{2150E333-8FDC-42A3-9474-1A3956D46DE8}") = "Code", "Code", "{319BEEDC-A9B1-46B3-9639-2CF138B503B9}"
EndProject
Project("{2150E333-8FDC-42A3-9474-1A3956D46DE8}") = "Solution Items", "Solution Items", "{53384392-1E73-41CB-A407-16E3C869F2D3}"
	ProjectSection(SolutionItems) = preProject
		CHANGELOG.txt = CHANGELOG.txt
		LICENSE = LICENSE
		README.md = README.md
		Settings.StyleCop = Settings.StyleCop
	EndProjectSection
EndProject
Project("{2150E333-8FDC-42A3-9474-1A3956D46DE8}") = "Unit Tests", "Unit Tests", "{66BBF85E-0F2D-4CB6-9D7A-118C094C73B0}"
EndProject
Project("{2150E333-8FDC-42A3-9474-1A3956D46DE8}") = "Test Client", "Test Client", "{D911AA50-1A00-4CBF-BE45-D4A274EE6B54}"
EndProject
Project("{9A19103F-16F7-4668-BE54-9A1E7A4F7556}") = "FluentMetacritic", "FluentMetacritic\FluentMetacritic.csproj", "{C596C81F-3B0C-49F7-B4F8-725DC8344E57}"
EndProject
Project("{9A19103F-16F7-4668-BE54-9A1E7A4F7556}") = "FluentMetacritic.TestClient", "FluentMetacritic.TestClient\FluentMetacritic.TestClient.csproj", "{7923B854-E408-4675-9F19-7C0BE5FEF9B7}"
EndProject
Project("{9A19103F-16F7-4668-BE54-9A1E7A4F7556}") = "FluentMetacritic.UnitTests", "FluentMetacritic.UnitTests\FluentMetacritic.UnitTests.csproj", "{12BA4114-3825-4880-A00C-17218A1B44CC}"
EndProject
Global
	GlobalSection(SolutionConfigurationPlatforms) = preSolution
		Debug|Any CPU = Debug|Any CPU
		Release|Any CPU = Release|Any CPU
	EndGlobalSection
	GlobalSection(ProjectConfigurationPlatforms) = postSolution
		{C596C81F-3B0C-49F7-B4F8-725DC8344E57}.Debug|Any CPU.ActiveCfg = Debug|Any CPU
		{C596C81F-3B0C-49F7-B4F8-725DC8344E57}.Debug|Any CPU.Build.0 = Debug|Any CPU
		{C596C81F-3B0C-49F7-B4F8-725DC8344E57}.Release|Any CPU.ActiveCfg = Release|Any CPU
		{C596C81F-3B0C-49F7-B4F8-725DC8344E57}.Release|Any CPU.Build.0 = Release|Any CPU
		{7923B854-E408-4675-9F19-7C0BE5FEF9B7}.Debug|Any CPU.ActiveCfg = Debug|Any CPU
		{7923B854-E408-4675-9F19-7C0BE5FEF9B7}.Debug|Any CPU.Build.0 = Debug|Any CPU
		{7923B854-E408-4675-9F19-7C0BE5FEF9B7}.Release|Any CPU.ActiveCfg = Release|Any CPU
		{7923B854-E408-4675-9F19-7C0BE5FEF9B7}.Release|Any CPU.Build.0 = Release|Any CPU
		{12BA4114-3825-4880-A00C-17218A1B44CC}.Debug|Any CPU.ActiveCfg = Debug|Any CPU
		{12BA4114-3825-4880-A00C-17218A1B44CC}.Debug|Any CPU.Build.0 = Debug|Any CPU
		{12BA4114-3825-4880-A00C-17218A1B44CC}.Release|Any CPU.ActiveCfg = Release|Any CPU
		{12BA4114-3825-4880-A00C-17218A1B44CC}.Release|Any CPU.Build.0 = Release|Any CPU
	EndGlobalSection
	GlobalSection(SolutionProperties) = preSolution
		HideSolutionNode = FALSE
	EndGlobalSection
	GlobalSection(NestedProjects) = preSolution
		{C596C81F-3B0C-49F7-B4F8-725DC8344E57} = {319BEEDC-A9B1-46B3-9639-2CF138B503B9}
		{7923B854-E408-4675-9F19-7C0BE5FEF9B7} = {D911AA50-1A00-4CBF-BE45-D4A274EE6B54}
		{12BA4114-3825-4880-A00C-17218A1B44CC} = {66BBF85E-0F2D-4CB6-9D7A-118C094C73B0}
	EndGlobalSection
EndGlobal
